// !$*UTF8*$!
{
	archiveVersion = 1;
	classes = {
	};
	objectVersion = 56;
	objects = {

/* Begin PBXBuildFile section */
		BA01000000000000000001 /* CGRCTrainerApp.swift in Sources */ = {isa = PBXBuildFile; fileRef = AA01000000000000000001 /* CGRCTrainerApp.swift */; };
		BA02000000000000000002 /* QuestionBank.swift in Sources */ = {isa = PBXBuildFile; fileRef = AA02000000000000000002 /* QuestionBank.swift */; };
		BA03000000000000000003 /* Views.swift in Sources */ = {isa = PBXBuildFile; fileRef = AA03000000000000000003 /* Views.swift */; };
/* End PBXBuildFile section */

/* Begin PBXFileReference section */
		PR01000000000000000001 /* CGRCTrainer.app */ = {isa = PBXFileReference; explicitFileType = wrapper.application; includeInIndex = 0; path = CGRCTrainer.app; sourceTree = BUILT_PRODUCTS_DIR; };
		AA01000000000000000001 /* CGRCTrainerApp.swift */ = {isa = PBXFileReference; lastKnownFileType = sourcecode.swift; path = CGRCTrainerApp.swift; sourceTree = "<group>"; };
		AA02000000000000000002 /* QuestionBank.swift */ = {isa = PBXFileReference; lastKnownFileType = sourcecode.swift; path = QuestionBank.swift; sourceTree = "<group>"; };
		AA03000000000000000003 /* Views.swift */ = {isa = PBXFileReference; lastKnownFileType = sourcecode.swift; path = Views.swift; sourceTree = "<group>"; };
/* End PBXFileReference section */

/* Begin PBXFrameworksBuildPhase section */
		F001000000000000000001 /* Frameworks */ = {
			isa = PBXFrameworksBuildPhase;
			buildActionMask = 2147483647;
			files = (
			);
			runOnlyForDeploymentPostprocessing = 0;
		};
/* End PBXFrameworksBuildPhase section */

/* Begin PBXGroup section */
		G000000000000000000001 = {
			isa = PBXGroup;
			children = (
				G001000000000000000001 /* CGRCTrainer */,
				G002000000000000000001 /* Products */,
			);
			sourceTree = "<group>";
		};
		G001000000000000000001 /* CGRCTrainer */ = {
			isa = PBXGroup;
			children = (
				AA01000000000000000001 /* CGRCTrainerApp.swift */,
				AA03000000000000000003 /* Views.swift */,
				AA02000000000000000002 /* QuestionBank.swift */,
			);
			path = CGRCTrainer;
			sourceTree = "<group>";
		};
		G002000000000000000001 /* Products */ = {
			isa = PBXGroup;
			children = (
				PR01000000000000000001 /* CGRCTrainer.app */,
			);
			name = Products;
			sourceTree = "<group>";
		};
/* End PBXGroup section */

/* Begin PBXNativeTarget section */
		T001000000000000000001 /* CGRCTrainer */ = {
			isa = PBXNativeTarget;
			buildConfigurationList = CL02000000000000000001 /* Build configuration list for PBXNativeTarget "CGRCTrainer" */;
			buildPhases = (
				S001000000000000000001 /* Sources */,
				F001000000000000000001 /* Frameworks */,
				R001000000000000000001 /* Resources */,
			);
			buildRules = (
			);
			dependencies = (
			);
			name = CGRCTrainer;
			productName = CGRCTrainer;
			productReference = PR01000000000000000001 /* CGRCTrainer.app */;
			productType = "com.apple.product-type.application";
		};
/* End PBXNativeTarget section */

/* Begin PBXProject section */
		P001000000000000000001 /* Project object */ = {
			isa = PBXProject;
			attributes = {
				BuildIndependentTargetsInParallel = 1;
				LastSwiftUpdateCheck = 1500;
				LastUpgradeCheck = 1500;
				TargetAttributes = {
					T001000000000000000001 = {
						CreatedOnToolsVersion = 15.0;
					};
				};
			};
			buildConfigurationList = CL01000000000000000001 /* Build configuration list for PBXProject "CGRCTrainer" */;
			compatibilityVersion = "Xcode 14.0";
			developmentRegion = en;
			hasScannedForEncodings = 0;
			knownRegions = (
				en,
				Base,
			);
			mainGroup = G000000000000000000001;
			productRefGroup = G002000000000000000001 /* Products */;
			projectDirPath = "";
			projectRoot = "";
			targets = (
				T001000000000000000001 /* CGRCTrainer */,
			);
		};
/* End PBXProject section */

/* Begin PBXResourcesBuildPhase section */
		R001000000000000000001 /* Resources */ = {
			isa = PBXResourcesBuildPhase;
			buildActionMask = 2147483647;
			files = (
			);
			runOnlyForDeploymentPostprocessing = 0;
		};
/* End PBXResourcesBuildPhase section */

/* Begin PBXSourcesBuildPhase section */
		S001000000000000000001 /* Sources */ = {
			isa = PBXSourcesBuildPhase;
			buildActionMask = 2147483647;
			files = (
				BA01000000000000000001 /* CGRCTrainerApp.swift in Sources */,
				BA03000000000000000003 /* Views.swift in Sources */,
				BA02000000000000000002 /* QuestionBank.swift in Sources */,
			);
			runOnlyForDeploymentPostprocessing = 0;
		};
/* End PBXSourcesBuildPhase section */

/* Begin XCBuildConfiguration section */
		BC01000000000000000001 /* Debug */ = {
			isa = XCBuildConfiguration;
			buildSettings = {
				ALWAYS_SEARCH_USER_PATHS = NO;
				CLANG_ANALYZER_NONNULL = YES;
				CLANG_ENABLE_MODULES = YES;
				CLANG_ENABLE_OBJC_ARC = YES;
				ENABLE_STRICT_OBJC_MSGSEND = YES;
				GCC_C_LANGUAGE_STANDARD = gnu17;
				ONLY_ACTIVE_ARCH = YES;
				SDKROOT = iphoneos;
				SWIFT_ACTIVE_COMPILATION_CONDITIONS = DEBUG;
				SWIFT_OPTIMIZATION_LEVEL = "-Onone";
			};
			name = Debug;
		};
		BC02000000000000000001 /* Release */ = {
			isa = XCBuildConfiguration;
			buildSettings = {
				ALWAYS_SEARCH_USER_PATHS = NO;
				CLANG_ANALYZER_NONNULL = YES;
				CLANG_ENABLE_MODULES = YES;
				CLANG_ENABLE_OBJC_ARC = YES;
				ENABLE_NS_ASSERTIONS = NO;
				ENABLE_STRICT_OBJC_MSGSEND = YES;
				GCC_C_LANGUAGE_STANDARD = gnu17;
				SDKROOT = iphoneos;
				SWIFT_COMPILATION_MODE = wholemodule;
				VALIDATE_PRODUCT = YES;
			};
			name = Release;
		};
		BC03000000000000000001 /* Debug */ = {
			isa = XCBuildConfiguration;
			buildSettings = {
				ASSETCATALOG_COMPILER_GLOBAL_ACCENT_COLOR_NAME = AccentColor;
				CODE_SIGN_STYLE = Automatic;
				CURRENT_PROJECT_VERSION = 1;
				ENABLE_PREVIEWS = YES;
				GENERATE_INFOPLIST_FILE = YES;
				INFOPLIST_KEY_UIApplicationSceneManifest_Generation = YES;
				INFOPLIST_KEY_UIApplicationSupportsIndirectInputEvents = YES;
				INFOPLIST_KEY_UILaunchScreen_Generation = YES;
				IPHONEOS_DEPLOYMENT_TARGET = 16.0;
				MARKETING_VERSION = 1.0;
				PRODUCT_BUNDLE_IDENTIFIER = com.example.CGRCTrainer;
				PRODUCT_NAME = "$(TARGET_NAME)";
				SWIFT_EMIT_LOC_STRINGS = YES;
				SWIFT_VERSION = 5.0;
				TARGETED_DEVICE_FAMILY = "1,2";
			};
			name = Debug;
		};
		BC04000000000000000001 /* Release */ = {
			isa = XCBuildConfiguration;
			buildSettings = {
				ASSETCATALOG_COMPILER_GLOBAL_ACCENT_COLOR_NAME = AccentColor;
				CODE_SIGN_STYLE = Automatic;
				CURRENT_PROJECT_VERSION = 1;
				ENABLE_PREVIEWS = YES;
				GENERATE_INFOPLIST_FILE = YES;
				INFOPLIST_KEY_UIApplicationSceneManifest_Generation = YES;
				INFOPLIST_KEY_UIApplicationSupportsIndirectInputEvents = YES;
				INFOPLIST_KEY_UILaunchScreen_Generation = YES;
				IPHONEOS_DEPLOYMENT_TARGET = 16.0;
				MARKETING_VERSION = 1.0;
				PRODUCT_BUNDLE_IDENTIFIER = com.example.CGRCTrainer;
				PRODUCT_NAME = "$(TARGET_NAME)";
				SWIFT_EMIT_LOC_STRINGS = YES;
				SWIFT_VERSION = 5.0;
				TARGETED_DEVICE_FAMILY = "1,2";
			};
			name = Release;
		};
/* End XCBuildConfiguration section */

/* Begin XCConfigurationList section */
		CL01000000000000000001 /* Build configuration list for PBXProject "CGRCTrainer" */ = {
			isa = XCConfigurationList;
			buildConfigurations = (
				BC01000000000000000001 /* Debug */,
				BC02000000000000000001 /* Release */,
			);
			defaultConfigurationIsVisible = 0;
			defaultConfigurationName = Release;
		};
		CL02000000000000000001 /* Build configuration list for PBXNativeTarget "CGRCTrainer" */ = {
			isa = XCConfigurationList;
			buildConfigurations = (
				BC03000000000000000001 /* Debug */,
				BC04000000000000000001 /* Release */,
			);
			defaultConfigurationIsVisible = 0;
			defaultConfigurationName = Release;
		};
/* End XCConfigurationList section */
	};
	rootObject = P001000000000000000001 /* Project object */;
}
